// !$*UTF8*$!
{
	archiveVersion = 1;
	classes = {
	};
	objectVersion = 46;
	objects = {

/* Begin PBXBuildFile section */
		6240901B1F18C9480018F5E8 /* AppDelegate.swift in Sources */ = {isa = PBXBuildFile; fileRef = 6240901A1F18C9480018F5E8 /* AppDelegate.swift */; };
		6240901D1F18C9480018F5E8 /* ViewController.swift in Sources */ = {isa = PBXBuildFile; fileRef = 6240901C1F18C9480018F5E8 /* ViewController.swift */; };
		624090201F18C9480018F5E8 /* Main.storyboard in Resources */ = {isa = PBXBuildFile; fileRef = 6240901E1F18C9480018F5E8 /* Main.storyboard */; };
		624090221F18C9480018F5E8 /* Assets.xcassets in Resources */ = {isa = PBXBuildFile; fileRef = 624090211F18C9480018F5E8 /* Assets.xcassets */; };
		624090251F18C9480018F5E8 /* LaunchScreen.storyboard in Resources */ = {isa = PBXBuildFile; fileRef = 624090231F18C9480018F5E8 /* LaunchScreen.storyboard */; };
/* End PBXBuildFile section */

/* Begin PBXFileReference section */
		624090171F18C9480018F5E8 /* SelfieShare.app */ = {isa = PBXFileReference; explicitFileType = wrapper.application; includeInIndex = 0; path = SelfieShare.app; sourceTree = BUILT_PRODUCTS_DIR; };
		6240901A1F18C9480018F5E8 /* AppDelegate.swift */ = {isa = PBXFileReference; lastKnownFileType = sourcecode.swift; path = AppDelegate.swift; sourceTree = "<group>"; };
		6240901C1F18C9480018F5E8 /* ViewController.swift */ = {isa = PBXFileReference; lastKnownFileType = sourcecode.swift; path = ViewController.swift; sourceTree = "<group>"; };
		6240901F1F18C9480018F5E8 /* Base */ = {isa = PBXFileReference; lastKnownFileType = file.storyboard; name = Base; path = Base.lproj/Main.storyboard; sourceTree = "<group>"; };
		624090211F18C9480018F5E8 /* Assets.xcassets */ = {isa = PBXFileReference; lastKnownFileType = folder.assetcatalog; path = Assets.xcassets; sourceTree = "<group>"; };
		624090241F18C9480018F5E8 /* Base */ = {isa = PBXFileReference; lastKnownFileType = file.storyboard; name = Base; path = Base.lproj/LaunchScreen.storyboard; sourceTree = "<group>"; };
		624090261F18C9480018F5E8 /* Info.plist */ = {isa = PBXFileReference; lastKnownFileType = text.plist.xml; path = Info.plist; sourceTree = "<group>"; };
/* End PBXFileReference section */

/* Begin PBXFrameworksBuildPhase section */
		624090141F18C9480018F5E8 /* Frameworks */ = {
			isa = PBXFrameworksBuildPhase;
			buildActionMask = 2147483647;
			files = (
			);
			runOnlyForDeploymentPostprocessing = 0;
		};
/* End PBXFrameworksBuildPhase section */

/* Begin PBXGroup section */
		6240900E1F18C9470018F5E8 = {
			isa = PBXGroup;
			children = (
				624090191F18C9480018F5E8 /* SelfieShare */,
				624090181F18C9480018F5E8 /* Products */,
			);
			sourceTree = "<group>";
		};
		624090181F18C9480018F5E8 /* Products */ = {
			isa = PBXGroup;
			children = (
				624090171F18C9480018F5E8 /* SelfieShare.app */,
			);
			name = Products;
			sourceTree = "<group>";
		};
		624090191F18C9480018F5E8 /* SelfieShare */ = {
			isa = PBXGroup;
			children = (
				6240901A1F18C9480018F5E8 /* AppDelegate.swift */,
				6240901C1F18C9480018F5E8 /* ViewController.swift */,
				6240901E1F18C9480018F5E8 /* Main.storyboard */,
				624090211F18C9480018F5E8 /* Assets.xcassets */,
				624090231F18C9480018F5E8 /* LaunchScreen.storyboard */,
				624090261F18C9480018F5E8 /* Info.plist */,
			);
			path = SelfieShare;
			sourceTree = "<group>";
		};
/* End PBXGroup section */

/* Begin PBXNativeTarget section */
		624090161F18C9480018F5E8 /* SelfieShare */ = {
			isa = PBXNativeTarget;
			buildConfigurationList = 624090291F18C9480018F5E8 /* Build configuration list for PBXNativeTarget "SelfieShare" */;
			buildPhases = (
				624090131F18C9480018F5E8 /* Sources */,
				624090141F18C9480018F5E8 /* Frameworks */,
				624090151F18C9480018F5E8 /* Resources */,
			);
			buildRules = (
			);
			dependencies = (
			);
			name = SelfieShare;
			productName = SelfieShare;
			productReference = 624090171F18C9480018F5E8 /* SelfieShare.app */;
			productType = "com.apple.product-type.application";
		};
/* End PBXNativeTarget section */

/* Begin PBXProject section */
		6240900F1F18C9470018F5E8 /* Project object */ = {
			isa = PBXProject;
			attributes = {
				LastSwiftUpdateCheck = 0830;
				LastUpgradeCheck = 0830;
				ORGANIZATIONNAME = "Steven Sherry";
				TargetAttributes = {
					624090161F18C9480018F5E8 = {
						CreatedOnToolsVersion = 8.3.3;
						DevelopmentTeam = EWSMAH6SD7;
						ProvisioningStyle = Automatic;
					};
				};
			};
			buildConfigurationList = 624090121F18C9470018F5E8 /* Build configuration list for PBXProject "SelfieShare" */;
			compatibilityVersion = "Xcode 3.2";
			developmentRegion = English;
			hasScannedForEncodings = 0;
			knownRegions = (
				en,
				Base,
			);
			mainGroup = 6240900E1F18C9470018F5E8;
			productRefGroup = 624090181F18C9480018F5E8 /* Products */;
			projectDirPath = "";
			projectRoot = "";
			targets = (
				624090161F18C9480018F5E8 /* SelfieShare */,
			);
		};
/* End PBXProject section */

/* Begin PBXResourcesBuildPhase section */
		624090151F18C9480018F5E8 /* Resources */ = {
			isa = PBXResourcesBuildPhase;
			buildActionMask = 2147483647;
			files = (
				624090251F18C9480018F5E8 /* LaunchScreen.storyboard in Resources */,
				624090221F18C9480018F5E8 /* Assets.xcassets in Resources */,
				624090201F18C9480018F5E8 /* Main.storyboard in Resources */,
			);
			runOnlyForDeploymentPostprocessing = 0;
		};
/* End PBXResourcesBuildPhase section */

/* Begin PBXSourcesBuildPhase section */
		624090131F18C9480018F5E8 /* Sources */ = {
			isa = PBXSourcesBuildPhase;
			buildActionMask = 2147483647;
			files = (
				6240901D1F18C9480018F5E8 /* ViewController.swift in Sources */,
				6240901B1F18C9480018F5E8 /* AppDelegate.swift in Sources */,
			);
			runOnlyForDeploymentPostprocessing = 0;
		};
/* End PBXSourcesBuildPhase section */

/* Begin PBXVariantGroup section */
		6240901E1F18C9480018F5E8 /* Main.storyboard */ = {
			isa = PBXVariantGroup;
			children = (
				6240901F1F18C9480018F5E8 /* Base */,
			);
			name = Main.storyboard;
			sourceTree = "<group>";
		};
		624090231F18C9480018F5E8 /* LaunchScreen.storyboard */ = {
			isa = PBXVariantGroup;
			children = (
				624090241F18C9480018F5E8 /* Base */,
			);
			name = LaunchScreen.storyboard;
			sourceTree = "<group>";
		};
/* End PBXVariantGroup section */

/* Begin XCBuildConfiguration section */
		624090271F18C9480018F5E8 /* Debug */ = {
			isa = XCBuildConfiguration;
			buildSettings = {
				ALWAYS_SEARCH_USER_PATHS = NO;
				CLANG_ANALYZER_NONNULL = YES;
				CLANG_ANALYZER_NUMBER_OBJECT_CONVERSION = YES_AGGRESSIVE;
				CLANG_CXX_LANGUAGE_STANDARD = "gnu++0x";
				CLANG_CXX_LIBRARY = "libc++";
				CLANG_ENABLE_MODULES = YES;
				CLANG_ENABLE_OBJC_ARC = YES;
				CLANG_WARN_BOOL_CONVERSION = YES;
				CLANG_WARN_CONSTANT_CONVERSION = YES;
				CLANG_WARN_DIRECT_OBJC_ISA_USAGE = YES_ERROR;
				CLANG_WARN_DOCUMENTATION_COMMENTS = YES;
				CLANG_WARN_EMPTY_BODY = YES;
				CLANG_WARN_ENUM_CONVERSION = YES;
				CLANG_WARN_INFINITE_RECURSION = YES;
				CLANG_WARN_INT_CONVERSION = YES;
				CLANG_WARN_OBJC_ROOT_CLASS = YES_ERROR;
				CLANG_WARN_SUSPICIOUS_MOVE = YES;
				CLANG_WARN_UNREACHABLE_CODE = YES;
				CLANG_WARN__DUPLICATE_METHOD_MATCH = YES;
				"CODE_SIGN_IDENTITY[sdk=iphoneos*]" = "iPhone Developer";
				COPY_PHASE_STRIP = NO;
				DEBUG_INFORMATION_FORMAT = dwarf;
				ENABLE_STRICT_OBJC_MSGSEND = YES;
				ENABLE_TESTABILITY = YES;
				GCC_C_LANGUAGE_STANDARD = gnu99;
				GCC_DYNAMIC_NO_PIC = NO;
				GCC_NO_COMMON_BLOCKS = YES;
				GCC_OPTIMIZATION_LEVEL = 0;
				GCC_PREPROCESSOR_DEFINITIONS = (
					"DEBUG=1",
					"$(inherited)",
				);
				GCC_WARN_64_TO_32_BIT_CONVERSION = YES;
				GCC_WARN_ABOUT_RETURN_TYPE = YES_ERROR;
				GCC_WARN_UNDECLARED_SELECTOR = YES;
				GCC_WARN_UNINITIALIZED_AUTOS = YES_AGGRESSIVE;
				GCC_WARN_UNUSED_FUNCTION = YES;
				GCC_WARN_UNUSED_VARIABLE = YES;
				IPHONEOS_DEPLOYMENT_TARGET = 10.3;
				MTL_ENABLE_DEBUG_INFO = YES;
				ONLY_ACTIVE_ARCH = YES;
				SDKROOT = iphoneos;
				SWIFT_ACTIVE_COMPILATION_CONDITIONS = DEBUG;
				SWIFT_OPTIMIZATION_LEVEL = "-Onone";
			};
			name = Debug;
		};
		624090281F18C9480018F5E8 /* Release */ = {
			isa = XCBuildConfiguration;
			buildSettings = {
				ALWAYS_SEARCH_USER_PATHS = NO;
				CLANG_ANALYZER_NONNULL = YES;
				CLANG_ANALYZER_NUMBER_OBJECT_CONVERSION = YES_AGGRESSIVE;
				CLANG_CXX_LANGUAGE_STANDARD = "gnu++0x";
				CLANG_CXX_LIBRARY = "libc++";
				CLANG_ENABLE_MODULES = YES;
				CLANG_ENABLE_OBJC_ARC = YES;
				CLANG_WARN_BOOL_CONVERSION = YES;
				CLANG_WARN_CONSTANT_CONVERSION = YES;
				CLANG_WARN_DIRECT_OBJC_ISA_USAGE = YES_ERROR;
				CLANG_WARN_DOCUMENTATION_COMMENTS = YES;
				CLANG_WARN_EMPTY_BODY = YES;
				CLANG_WARN_ENUM_CONVERSION = YES;
				CLANG_WARN_INFINITE_RECURSION = YES;
				CLANG_WARN_INT_CONVERSION = YES;
				CLANG_WARN_OBJC_ROOT_CLASS = YES_ERROR;
				CLANG_WARN_SUSPICIOUS_MOVE = YES;
				CLANG_WARN_UNREACHABLE_CODE = YES;
				CLANG_WARN__DUPLICATE_METHOD_MATCH = YES;
				"CODE_SIGN_IDENTITY[sdk=iphoneos*]" = "iPhone Developer";
				COPY_PHASE_STRIP = NO;
				DEBUG_INFORMATION_FORMAT = "dwarf-with-dsym";
				ENABLE_NS_ASSERTIONS = NO;
				ENABLE_STRICT_OBJC_MSGSEND = YES;
				GCC_C_LANGUAGE_STANDARD = gnu99;
				GCC_NO_COMMON_BLOCKS = YES;
				GCC_WARN_64_TO_32_BIT_CONVERSION = YES;
				GCC_WARN_ABOUT_RETURN_TYPE = YES_ERROR;
				GCC_WARN_UNDECLARED_SELECTOR = YES;
				GCC_WARN_UNINITIALIZED_AUTOS = YES_AGGRESSIVE;
				GCC_WARN_UNUSED_FUNCTION = YES;
				GCC_WARN_UNUSED_VARIABLE = YES;
				IPHONEOS_DEPLOYMENT_TARGET = 10.3;
				MTL_ENABLE_DEBUG_INFO = NO;
				SDKROOT = iphoneos;
				SWIFT_OPTIMIZATION_LEVEL = "-Owholemodule";
				VALIDATE_PRODUCT = YES;
			};
			name = Release;
		};
		6240902A1F18C9480018F5E8 /* Debug */ = {
			isa = XCBuildConfiguration;
			buildSettings = {
				ASSETCATALOG_COMPILER_APPICON_NAME = AppIcon;
				DEVELOPMENT_TEAM = EWSMAH6SD7;
				INFOPLIST_FILE = SelfieShare/Info.plist;
				LD_RUNPATH_SEARCH_PATHS = "$(inherited) @executable_path/Frameworks";
				PRODUCT_BUNDLE_IDENTIFIER = com.affinityforapps.SelfieShare;
				PRODUCT_NAME = "$(TARGET_NAME)";
				SWIFT_VERSION = 3.0;
			};
			name = Debug;
		};
		6240902B1F18C9480018F5E8 /* Release */ = {
			isa = XCBuildConfiguration;
			buildSettings = {
				ASSETCATALOG_COMPILER_APPICON_NAME = AppIcon;
				DEVELOPMENT_TEAM = EWSMAH6SD7;
				INFOPLIST_FILE = SelfieShare/Info.plist;
				LD_RUNPATH_SEARCH_PATHS = "$(inherited) @executable_path/Frameworks";
				PRODUCT_BUNDLE_IDENTIFIER = com.affinityforapps.SelfieShare;
				PRODUCT_NAME = "$(TARGET_NAME)";
				SWIFT_VERSION = 3.0;
			};
			name = Release;
		};
/* End XCBuildConfiguration section */

/* Begin XCConfigurationList section */
		624090121F18C9470018F5E8 /* Build configuration list for PBXProject "SelfieShare" */ = {
			isa = XCConfigurationList;
			buildConfigurations = (
				624090271F18C9480018F5E8 /* Debug */,
				624090281F18C9480018F5E8 /* Release */,
			);
			defaultConfigurationIsVisible = 0;
			defaultConfigurationName = Release;
		};
		624090291F18C9480018F5E8 /* Build configuration list for PBXNativeTarget "SelfieShare" */ = {
			isa = XCConfigurationList;
			buildConfigurations = (
				6240902A1F18C9480018F5E8 /* Debug */,
				6240902B1F18C9480018F5E8 /* Release */,
			);
			defaultConfigurationIsVisible = 0;
		};
/* End XCConfigurationList section */
	};
	rootObject = 6240900F1F18C9470018F5E8 /* Project object */;
}
