// !$*UTF8*$!
{
	archiveVersion = 1;
	classes = {
	};
	objectVersion = 46;
	objects = {

/* Begin PBXBuildFile section */
		624F94CF1F23BA7C006B180E /* AppDelegate.swift in Sources */ = {isa = PBXBuildFile; fileRef = 624F94CE1F23BA7C006B180E /* AppDelegate.swift */; };
		624F94D11F23BA7C006B180E /* ViewController.swift in Sources */ = {isa = PBXBuildFile; fileRef = 624F94D01F23BA7C006B180E /* ViewController.swift */; };
		624F94D41F23BA7C006B180E /* Main.storyboard in Resources */ = {isa = PBXBuildFile; fileRef = 624F94D21F23BA7C006B180E /* Main.storyboard */; };
		624F94D61F23BA7C006B180E /* Assets.xcassets in Resources */ = {isa = PBXBuildFile; fileRef = 624F94D51F23BA7C006B180E /* Assets.xcassets */; };
		624F94D91F23BA7C006B180E /* LaunchScreen.storyboard in Resources */ = {isa = PBXBuildFile; fileRef = 624F94D71F23BA7C006B180E /* LaunchScreen.storyboard */; };
		624F94E11F23BB4A006B180E /* DetailViewController.swift in Sources */ = {isa = PBXBuildFile; fileRef = 624F94E01F23BB4A006B180E /* DetailViewController.swift */; };
		624F94E41F243061006B180E /* GitHubCommits.xcdatamodeld in Sources */ = {isa = PBXBuildFile; fileRef = 624F94E21F243060006B180E /* GitHubCommits.xcdatamodeld */; };
		624F94E71F243679006B180E /* Commit+CoreDataClass.swift in Sources */ = {isa = PBXBuildFile; fileRef = 624F94E51F243679006B180E /* Commit+CoreDataClass.swift */; };
		624F94E81F243679006B180E /* Commit+CoreDataProperties.swift in Sources */ = {isa = PBXBuildFile; fileRef = 624F94E61F243679006B180E /* Commit+CoreDataProperties.swift */; };
		624F94EA1F243815006B180E /* SwiftyJSON.swift in Sources */ = {isa = PBXBuildFile; fileRef = 624F94E91F243815006B180E /* SwiftyJSON.swift */; };
		624F94ED1F24519B006B180E /* Author+CoreDataClass.swift in Sources */ = {isa = PBXBuildFile; fileRef = 624F94EB1F24519B006B180E /* Author+CoreDataClass.swift */; };
		624F94EE1F24519B006B180E /* Author+CoreDataProperties.swift in Sources */ = {isa = PBXBuildFile; fileRef = 624F94EC1F24519B006B180E /* Author+CoreDataProperties.swift */; };
/* End PBXBuildFile section */

/* Begin PBXFileReference section */
		624F94CB1F23BA7C006B180E /* GitHubCommits.app */ = {isa = PBXFileReference; explicitFileType = wrapper.application; includeInIndex = 0; path = GitHubCommits.app; sourceTree = BUILT_PRODUCTS_DIR; };
		624F94CE1F23BA7C006B180E /* AppDelegate.swift */ = {isa = PBXFileReference; lastKnownFileType = sourcecode.swift; path = AppDelegate.swift; sourceTree = "<group>"; };
		624F94D01F23BA7C006B180E /* ViewController.swift */ = {isa = PBXFileReference; lastKnownFileType = sourcecode.swift; path = ViewController.swift; sourceTree = "<group>"; };
		624F94D31F23BA7C006B180E /* Base */ = {isa = PBXFileReference; lastKnownFileType = file.storyboard; name = Base; path = Base.lproj/Main.storyboard; sourceTree = "<group>"; };
		624F94D51F23BA7C006B180E /* Assets.xcassets */ = {isa = PBXFileReference; lastKnownFileType = folder.assetcatalog; path = Assets.xcassets; sourceTree = "<group>"; };
		624F94D81F23BA7C006B180E /* Base */ = {isa = PBXFileReference; lastKnownFileType = file.storyboard; name = Base; path = Base.lproj/LaunchScreen.storyboard; sourceTree = "<group>"; };
		624F94DA1F23BA7C006B180E /* Info.plist */ = {isa = PBXFileReference; lastKnownFileType = text.plist.xml; path = Info.plist; sourceTree = "<group>"; };
		624F94E01F23BB4A006B180E /* DetailViewController.swift */ = {isa = PBXFileReference; fileEncoding = 4; lastKnownFileType = sourcecode.swift; path = DetailViewController.swift; sourceTree = "<group>"; };
		624F94E31F243060006B180E /* GitHubCommits.xcdatamodel */ = {isa = PBXFileReference; lastKnownFileType = wrapper.xcdatamodel; path = GitHubCommits.xcdatamodel; sourceTree = "<group>"; };
		624F94E51F243679006B180E /* Commit+CoreDataClass.swift */ = {isa = PBXFileReference; fileEncoding = 4; lastKnownFileType = sourcecode.swift; path = "Commit+CoreDataClass.swift"; sourceTree = "<group>"; };
		624F94E61F243679006B180E /* Commit+CoreDataProperties.swift */ = {isa = PBXFileReference; fileEncoding = 4; lastKnownFileType = sourcecode.swift; path = "Commit+CoreDataProperties.swift"; sourceTree = "<group>"; };
		624F94E91F243815006B180E /* SwiftyJSON.swift */ = {isa = PBXFileReference; fileEncoding = 4; lastKnownFileType = sourcecode.swift; path = SwiftyJSON.swift; sourceTree = "<group>"; };
		624F94EB1F24519B006B180E /* Author+CoreDataClass.swift */ = {isa = PBXFileReference; fileEncoding = 4; lastKnownFileType = sourcecode.swift; path = "Author+CoreDataClass.swift"; sourceTree = "<group>"; };
		624F94EC1F24519B006B180E /* Author+CoreDataProperties.swift */ = {isa = PBXFileReference; fileEncoding = 4; lastKnownFileType = sourcecode.swift; path = "Author+CoreDataProperties.swift"; sourceTree = "<group>"; };
/* End PBXFileReference section */

/* Begin PBXFrameworksBuildPhase section */
		624F94C81F23BA7C006B180E /* Frameworks */ = {
			isa = PBXFrameworksBuildPhase;
			buildActionMask = 2147483647;
			files = (
			);
			runOnlyForDeploymentPostprocessing = 0;
		};
/* End PBXFrameworksBuildPhase section */

/* Begin PBXGroup section */
		624F94C21F23BA7C006B180E = {
			isa = PBXGroup;
			children = (
				624F94CD1F23BA7C006B180E /* GitHubCommits */,
				624F94CC1F23BA7C006B180E /* Products */,
			);
			sourceTree = "<group>";
		};
		624F94CC1F23BA7C006B180E /* Products */ = {
			isa = PBXGroup;
			children = (
				624F94CB1F23BA7C006B180E /* GitHubCommits.app */,
			);
			name = Products;
			sourceTree = "<group>";
		};
		624F94CD1F23BA7C006B180E /* GitHubCommits */ = {
			isa = PBXGroup;
			children = (
				624F94EB1F24519B006B180E /* Author+CoreDataClass.swift */,
				624F94EC1F24519B006B180E /* Author+CoreDataProperties.swift */,
				624F94E51F243679006B180E /* Commit+CoreDataClass.swift */,
				624F94E61F243679006B180E /* Commit+CoreDataProperties.swift */,
				624F94CE1F23BA7C006B180E /* AppDelegate.swift */,
				624F94D01F23BA7C006B180E /* ViewController.swift */,
				624F94E01F23BB4A006B180E /* DetailViewController.swift */,
				624F94D21F23BA7C006B180E /* Main.storyboard */,
				624F94D51F23BA7C006B180E /* Assets.xcassets */,
				624F94D71F23BA7C006B180E /* LaunchScreen.storyboard */,
				624F94DA1F23BA7C006B180E /* Info.plist */,
				624F94E91F243815006B180E /* SwiftyJSON.swift */,
				624F94E21F243060006B180E /* GitHubCommits.xcdatamodeld */,
			);
			path = GitHubCommits;
			sourceTree = "<group>";
		};
/* End PBXGroup section */

/* Begin PBXNativeTarget section */
		624F94CA1F23BA7C006B180E /* GitHubCommits */ = {
			isa = PBXNativeTarget;
			buildConfigurationList = 624F94DD1F23BA7C006B180E /* Build configuration list for PBXNativeTarget "GitHubCommits" */;
			buildPhases = (
				624F94C71F23BA7C006B180E /* Sources */,
				624F94C81F23BA7C006B180E /* Frameworks */,
				624F94C91F23BA7C006B180E /* Resources */,
			);
			buildRules = (
			);
			dependencies = (
			);
			name = GitHubCommits;
			productName = GitHubCommits;
			productReference = 624F94CB1F23BA7C006B180E /* GitHubCommits.app */;
			productType = "com.apple.product-type.application";
		};
/* End PBXNativeTarget section */

/* Begin PBXProject section */
		624F94C31F23BA7C006B180E /* Project object */ = {
			isa = PBXProject;
			attributes = {
				LastSwiftUpdateCheck = 0830;
				LastUpgradeCheck = 0830;
				ORGANIZATIONNAME = "Steven Sherry";
				TargetAttributes = {
					624F94CA1F23BA7C006B180E = {
						CreatedOnToolsVersion = 8.3.3;
						DevelopmentTeam = EWSMAH6SD7;
						ProvisioningStyle = Automatic;
					};
				};
			};
			buildConfigurationList = 624F94C61F23BA7C006B180E /* Build configuration list for PBXProject "GitHubCommits" */;
			compatibilityVersion = "Xcode 3.2";
			developmentRegion = English;
			hasScannedForEncodings = 0;
			knownRegions = (
				en,
				Base,
			);
			mainGroup = 624F94C21F23BA7C006B180E;
			productRefGroup = 624F94CC1F23BA7C006B180E /* Products */;
			projectDirPath = "";
			projectRoot = "";
			targets = (
				624F94CA1F23BA7C006B180E /* GitHubCommits */,
			);
		};
/* End PBXProject section */

/* Begin PBXResourcesBuildPhase section */
		624F94C91F23BA7C006B180E /* Resources */ = {
			isa = PBXResourcesBuildPhase;
			buildActionMask = 2147483647;
			files = (
				624F94D91F23BA7C006B180E /* LaunchScreen.storyboard in Resources */,
				624F94D61F23BA7C006B180E /* Assets.xcassets in Resources */,
				624F94D41F23BA7C006B180E /* Main.storyboard in Resources */,
			);
			runOnlyForDeploymentPostprocessing = 0;
		};
/* End PBXResourcesBuildPhase section */

/* Begin PBXSourcesBuildPhase section */
		624F94C71F23BA7C006B180E /* Sources */ = {
			isa = PBXSourcesBuildPhase;
			buildActionMask = 2147483647;
			files = (
				624F94E11F23BB4A006B180E /* DetailViewController.swift in Sources */,
				624F94E41F243061006B180E /* GitHubCommits.xcdatamodeld in Sources */,
				624F94EE1F24519B006B180E /* Author+CoreDataProperties.swift in Sources */,
				624F94E71F243679006B180E /* Commit+CoreDataClass.swift in Sources */,
				624F94D11F23BA7C006B180E /* ViewController.swift in Sources */,
				624F94ED1F24519B006B180E /* Author+CoreDataClass.swift in Sources */,
				624F94E81F243679006B180E /* Commit+CoreDataProperties.swift in Sources */,
				624F94EA1F243815006B180E /* SwiftyJSON.swift in Sources */,
				624F94CF1F23BA7C006B180E /* AppDelegate.swift in Sources */,
			);
			runOnlyForDeploymentPostprocessing = 0;
		};
/* End PBXSourcesBuildPhase section */

/* Begin PBXVariantGroup section */
		624F94D21F23BA7C006B180E /* Main.storyboard */ = {
			isa = PBXVariantGroup;
			children = (
				624F94D31F23BA7C006B180E /* Base */,
			);
			name = Main.storyboard;
			sourceTree = "<group>";
		};
		624F94D71F23BA7C006B180E /* LaunchScreen.storyboard */ = {
			isa = PBXVariantGroup;
			children = (
				624F94D81F23BA7C006B180E /* Base */,
			);
			name = LaunchScreen.storyboard;
			sourceTree = "<group>";
		};
/* End PBXVariantGroup section */

/* Begin XCBuildConfiguration section */
		624F94DB1F23BA7C006B180E /* Debug */ = {
			isa = XCBuildConfiguration;
			buildSettings = {
				ALWAYS_SEARCH_USER_PATHS = NO;
				CLANG_ANALYZER_NONNULL = YES;
				CLANG_ANALYZER_NUMBER_OBJECT_CONVERSION = YES_AGGRESSIVE;
				CLANG_CXX_LANGUAGE_STANDARD = "gnu++0x";
				CLANG_CXX_LIBRARY = "libc++";
				CLANG_ENABLE_MODULES = YES;
				CLANG_ENABLE_OBJC_ARC = YES;
				CLANG_WARN_BOOL_CONVERSION = YES;
				CLANG_WARN_CONSTANT_CONVERSION = YES;
				CLANG_WARN_DIRECT_OBJC_ISA_USAGE = YES_ERROR;
				CLANG_WARN_DOCUMENTATION_COMMENTS = YES;
				CLANG_WARN_EMPTY_BODY = YES;
				CLANG_WARN_ENUM_CONVERSION = YES;
				CLANG_WARN_INFINITE_RECURSION = YES;
				CLANG_WARN_INT_CONVERSION = YES;
				CLANG_WARN_OBJC_ROOT_CLASS = YES_ERROR;
				CLANG_WARN_SUSPICIOUS_MOVE = YES;
				CLANG_WARN_UNREACHABLE_CODE = YES;
				CLANG_WARN__DUPLICATE_METHOD_MATCH = YES;
				"CODE_SIGN_IDENTITY[sdk=iphoneos*]" = "iPhone Developer";
				COPY_PHASE_STRIP = NO;
				DEBUG_INFORMATION_FORMAT = dwarf;
				ENABLE_STRICT_OBJC_MSGSEND = YES;
				ENABLE_TESTABILITY = YES;
				GCC_C_LANGUAGE_STANDARD = gnu99;
				GCC_DYNAMIC_NO_PIC = NO;
				GCC_NO_COMMON_BLOCKS = YES;
				GCC_OPTIMIZATION_LEVEL = 0;
				GCC_PREPROCESSOR_DEFINITIONS = (
					"DEBUG=1",
					"$(inherited)",
				);
				GCC_WARN_64_TO_32_BIT_CONVERSION = YES;
				GCC_WARN_ABOUT_RETURN_TYPE = YES_ERROR;
				GCC_WARN_UNDECLARED_SELECTOR = YES;
				GCC_WARN_UNINITIALIZED_AUTOS = YES_AGGRESSIVE;
				GCC_WARN_UNUSED_FUNCTION = YES;
				GCC_WARN_UNUSED_VARIABLE = YES;
				IPHONEOS_DEPLOYMENT_TARGET = 10.3;
				MTL_ENABLE_DEBUG_INFO = YES;
				ONLY_ACTIVE_ARCH = YES;
				SDKROOT = iphoneos;
				SWIFT_ACTIVE_COMPILATION_CONDITIONS = DEBUG;
				SWIFT_OPTIMIZATION_LEVEL = "-Onone";
				TARGETED_DEVICE_FAMILY = "1,2";
			};
			name = Debug;
		};
		624F94DC1F23BA7C006B180E /* Release */ = {
			isa = XCBuildConfiguration;
			buildSettings = {
				ALWAYS_SEARCH_USER_PATHS = NO;
				CLANG_ANALYZER_NONNULL = YES;
				CLANG_ANALYZER_NUMBER_OBJECT_CONVERSION = YES_AGGRESSIVE;
				CLANG_CXX_LANGUAGE_STANDARD = "gnu++0x";
				CLANG_CXX_LIBRARY = "libc++";
				CLANG_ENABLE_MODULES = YES;
				CLANG_ENABLE_OBJC_ARC = YES;
				CLANG_WARN_BOOL_CONVERSION = YES;
				CLANG_WARN_CONSTANT_CONVERSION = YES;
				CLANG_WARN_DIRECT_OBJC_ISA_USAGE = YES_ERROR;
				CLANG_WARN_DOCUMENTATION_COMMENTS = YES;
				CLANG_WARN_EMPTY_BODY = YES;
				CLANG_WARN_ENUM_CONVERSION = YES;
				CLANG_WARN_INFINITE_RECURSION = YES;
				CLANG_WARN_INT_CONVERSION = YES;
				CLANG_WARN_OBJC_ROOT_CLASS = YES_ERROR;
				CLANG_WARN_SUSPICIOUS_MOVE = YES;
				CLANG_WARN_UNREACHABLE_CODE = YES;
				CLANG_WARN__DUPLICATE_METHOD_MATCH = YES;
				"CODE_SIGN_IDENTITY[sdk=iphoneos*]" = "iPhone Developer";
				COPY_PHASE_STRIP = NO;
				DEBUG_INFORMATION_FORMAT = "dwarf-with-dsym";
				ENABLE_NS_ASSERTIONS = NO;
				ENABLE_STRICT_OBJC_MSGSEND = YES;
				GCC_C_LANGUAGE_STANDARD = gnu99;
				GCC_NO_COMMON_BLOCKS = YES;
				GCC_WARN_64_TO_32_BIT_CONVERSION = YES;
				GCC_WARN_ABOUT_RETURN_TYPE = YES_ERROR;
				GCC_WARN_UNDECLARED_SELECTOR = YES;
				GCC_WARN_UNINITIALIZED_AUTOS = YES_AGGRESSIVE;
				GCC_WARN_UNUSED_FUNCTION = YES;
				GCC_WARN_UNUSED_VARIABLE = YES;
				IPHONEOS_DEPLOYMENT_TARGET = 10.3;
				MTL_ENABLE_DEBUG_INFO = NO;
				SDKROOT = iphoneos;
				SWIFT_OPTIMIZATION_LEVEL = "-Owholemodule";
				TARGETED_DEVICE_FAMILY = "1,2";
				VALIDATE_PRODUCT = YES;
			};
			name = Release;
		};
		624F94DE1F23BA7C006B180E /* Debug */ = {
			isa = XCBuildConfiguration;
			buildSettings = {
				ASSETCATALOG_COMPILER_APPICON_NAME = AppIcon;
				DEVELOPMENT_TEAM = EWSMAH6SD7;
				INFOPLIST_FILE = GitHubCommits/Info.plist;
				LD_RUNPATH_SEARCH_PATHS = "$(inherited) @executable_path/Frameworks";
				PRODUCT_BUNDLE_IDENTIFIER = com.affinityforapps.GitHubCommits;
				PRODUCT_NAME = "$(TARGET_NAME)";
				SWIFT_VERSION = 3.0;
			};
			name = Debug;
		};
		624F94DF1F23BA7C006B180E /* Release */ = {
			isa = XCBuildConfiguration;
			buildSettings = {
				ASSETCATALOG_COMPILER_APPICON_NAME = AppIcon;
				DEVELOPMENT_TEAM = EWSMAH6SD7;
				INFOPLIST_FILE = GitHubCommits/Info.plist;
				LD_RUNPATH_SEARCH_PATHS = "$(inherited) @executable_path/Frameworks";
				PRODUCT_BUNDLE_IDENTIFIER = com.affinityforapps.GitHubCommits;
				PRODUCT_NAME = "$(TARGET_NAME)";
				SWIFT_VERSION = 3.0;
			};
			name = Release;
		};
/* End XCBuildConfiguration section */

/* Begin XCConfigurationList section */
		624F94C61F23BA7C006B180E /* Build configuration list for PBXProject "GitHubCommits" */ = {
			isa = XCConfigurationList;
			buildConfigurations = (
				624F94DB1F23BA7C006B180E /* Debug */,
				624F94DC1F23BA7C006B180E /* Release */,
			);
			defaultConfigurationIsVisible = 0;
			defaultConfigurationName = Release;
		};
		624F94DD1F23BA7C006B180E /* Build configuration list for PBXNativeTarget "GitHubCommits" */ = {
			isa = XCConfigurationList;
			buildConfigurations = (
				624F94DE1F23BA7C006B180E /* Debug */,
				624F94DF1F23BA7C006B180E /* Release */,
			);
			defaultConfigurationIsVisible = 0;
		};
/* End XCConfigurationList section */

/* Begin XCVersionGroup section */
		624F94E21F243060006B180E /* GitHubCommits.xcdatamodeld */ = {
			isa = XCVersionGroup;
			children = (
				624F94E31F243060006B180E /* GitHubCommits.xcdatamodel */,
			);
			currentVersion = 624F94E31F243060006B180E /* GitHubCommits.xcdatamodel */;
			path = GitHubCommits.xcdatamodeld;
			sourceTree = "<group>";
			versionGroupType = wrapper.xcdatamodel;
		};
/* End XCVersionGroup section */
	};
	rootObject = 624F94C31F23BA7C006B180E /* Project object */;
}
