// !$*UTF8*$!
{
	archiveVersion = 1;
	classes = {
	};
	objectVersion = 46;
	objects = {

/* Begin PBXBuildFile section */
		6221CF211EFF183A002FF7A7 /* AppDelegate.swift in Sources */ = {isa = PBXBuildFile; fileRef = 6221CF201EFF183A002FF7A7 /* AppDelegate.swift */; };
		6221CF231EFF183A002FF7A7 /* ViewController.swift in Sources */ = {isa = PBXBuildFile; fileRef = 6221CF221EFF183A002FF7A7 /* ViewController.swift */; };
		6221CF261EFF183A002FF7A7 /* Main.storyboard in Resources */ = {isa = PBXBuildFile; fileRef = 6221CF241EFF183A002FF7A7 /* Main.storyboard */; };
		6221CF281EFF183A002FF7A7 /* Assets.xcassets in Resources */ = {isa = PBXBuildFile; fileRef = 6221CF271EFF183A002FF7A7 /* Assets.xcassets */; };
		6221CF2B1EFF183A002FF7A7 /* LaunchScreen.storyboard in Resources */ = {isa = PBXBuildFile; fileRef = 6221CF291EFF183A002FF7A7 /* LaunchScreen.storyboard */; };
		6221CF331EFF1920002FF7A7 /* DetailViewController.swift in Sources */ = {isa = PBXBuildFile; fileRef = 6221CF321EFF1920002FF7A7 /* DetailViewController.swift */; };
		6221CF411EFF19E8002FF7A7 /* estonia.png in Resources */ = {isa = PBXBuildFile; fileRef = 6221CF351EFF19E8002FF7A7 /* estonia.png */; };
		6221CF421EFF19E8002FF7A7 /* france.png in Resources */ = {isa = PBXBuildFile; fileRef = 6221CF361EFF19E8002FF7A7 /* france.png */; };
		6221CF431EFF19E8002FF7A7 /* germany.png in Resources */ = {isa = PBXBuildFile; fileRef = 6221CF371EFF19E8002FF7A7 /* germany.png */; };
		6221CF441EFF19E8002FF7A7 /* ireland.png in Resources */ = {isa = PBXBuildFile; fileRef = 6221CF381EFF19E8002FF7A7 /* ireland.png */; };
		6221CF451EFF19E8002FF7A7 /* italy.png in Resources */ = {isa = PBXBuildFile; fileRef = 6221CF391EFF19E8002FF7A7 /* italy.png */; };
		6221CF461EFF19E8002FF7A7 /* monaco.png in Resources */ = {isa = PBXBuildFile; fileRef = 6221CF3A1EFF19E8002FF7A7 /* monaco.png */; };
		6221CF471EFF19E8002FF7A7 /* nigeria.png in Resources */ = {isa = PBXBuildFile; fileRef = 6221CF3B1EFF19E8002FF7A7 /* nigeria.png */; };
		6221CF481EFF19E8002FF7A7 /* poland.png in Resources */ = {isa = PBXBuildFile; fileRef = 6221CF3C1EFF19E8002FF7A7 /* poland.png */; };
		6221CF491EFF19E8002FF7A7 /* russia.png in Resources */ = {isa = PBXBuildFile; fileRef = 6221CF3D1EFF19E8002FF7A7 /* russia.png */; };
		6221CF4A1EFF19E8002FF7A7 /* spain.png in Resources */ = {isa = PBXBuildFile; fileRef = 6221CF3E1EFF19E8002FF7A7 /* spain.png */; };
		6221CF4B1EFF19E8002FF7A7 /* uk.png in Resources */ = {isa = PBXBuildFile; fileRef = 6221CF3F1EFF19E8002FF7A7 /* uk.png */; };
		6221CF4C1EFF19E8002FF7A7 /* us.png in Resources */ = {isa = PBXBuildFile; fileRef = 6221CF401EFF19E8002FF7A7 /* us.png */; };
/* End PBXBuildFile section */

/* Begin PBXFileReference section */
		6221CF1D1EFF183A002FF7A7 /* Flags.app */ = {isa = PBXFileReference; explicitFileType = wrapper.application; includeInIndex = 0; path = Flags.app; sourceTree = BUILT_PRODUCTS_DIR; };
		6221CF201EFF183A002FF7A7 /* AppDelegate.swift */ = {isa = PBXFileReference; lastKnownFileType = sourcecode.swift; path = AppDelegate.swift; sourceTree = "<group>"; };
		6221CF221EFF183A002FF7A7 /* ViewController.swift */ = {isa = PBXFileReference; lastKnownFileType = sourcecode.swift; path = ViewController.swift; sourceTree = "<group>"; };
		6221CF251EFF183A002FF7A7 /* Base */ = {isa = PBXFileReference; lastKnownFileType = file.storyboard; name = Base; path = Base.lproj/Main.storyboard; sourceTree = "<group>"; };
		6221CF271EFF183A002FF7A7 /* Assets.xcassets */ = {isa = PBXFileReference; lastKnownFileType = folder.assetcatalog; path = Assets.xcassets; sourceTree = "<group>"; };
		6221CF2A1EFF183A002FF7A7 /* Base */ = {isa = PBXFileReference; lastKnownFileType = file.storyboard; name = Base; path = Base.lproj/LaunchScreen.storyboard; sourceTree = "<group>"; };
		6221CF2C1EFF183A002FF7A7 /* Info.plist */ = {isa = PBXFileReference; lastKnownFileType = text.plist.xml; path = Info.plist; sourceTree = "<group>"; };
		6221CF321EFF1920002FF7A7 /* DetailViewController.swift */ = {isa = PBXFileReference; fileEncoding = 4; lastKnownFileType = sourcecode.swift; path = DetailViewController.swift; sourceTree = "<group>"; };
		6221CF351EFF19E8002FF7A7 /* estonia.png */ = {isa = PBXFileReference; lastKnownFileType = image.png; path = estonia.png; sourceTree = "<group>"; };
		6221CF361EFF19E8002FF7A7 /* france.png */ = {isa = PBXFileReference; lastKnownFileType = image.png; path = france.png; sourceTree = "<group>"; };
		6221CF371EFF19E8002FF7A7 /* germany.png */ = {isa = PBXFileReference; lastKnownFileType = image.png; path = germany.png; sourceTree = "<group>"; };
		6221CF381EFF19E8002FF7A7 /* ireland.png */ = {isa = PBXFileReference; lastKnownFileType = image.png; path = ireland.png; sourceTree = "<group>"; };
		6221CF391EFF19E8002FF7A7 /* italy.png */ = {isa = PBXFileReference; lastKnownFileType = image.png; path = italy.png; sourceTree = "<group>"; };
		6221CF3A1EFF19E8002FF7A7 /* monaco.png */ = {isa = PBXFileReference; lastKnownFileType = image.png; path = monaco.png; sourceTree = "<group>"; };
		6221CF3B1EFF19E8002FF7A7 /* nigeria.png */ = {isa = PBXFileReference; lastKnownFileType = image.png; path = nigeria.png; sourceTree = "<group>"; };
		6221CF3C1EFF19E8002FF7A7 /* poland.png */ = {isa = PBXFileReference; lastKnownFileType = image.png; path = poland.png; sourceTree = "<group>"; };
		6221CF3D1EFF19E8002FF7A7 /* russia.png */ = {isa = PBXFileReference; lastKnownFileType = image.png; path = russia.png; sourceTree = "<group>"; };
		6221CF3E1EFF19E8002FF7A7 /* spain.png */ = {isa = PBXFileReference; lastKnownFileType = image.png; path = spain.png; sourceTree = "<group>"; };
		6221CF3F1EFF19E8002FF7A7 /* uk.png */ = {isa = PBXFileReference; lastKnownFileType = image.png; path = uk.png; sourceTree = "<group>"; };
		6221CF401EFF19E8002FF7A7 /* us.png */ = {isa = PBXFileReference; lastKnownFileType = image.png; path = us.png; sourceTree = "<group>"; };
/* End PBXFileReference section */

/* Begin PBXFrameworksBuildPhase section */
		6221CF1A1EFF183A002FF7A7 /* Frameworks */ = {
			isa = PBXFrameworksBuildPhase;
			buildActionMask = 2147483647;
			files = (
			);
			runOnlyForDeploymentPostprocessing = 0;
		};
/* End PBXFrameworksBuildPhase section */

/* Begin PBXGroup section */
		6221CF141EFF183A002FF7A7 = {
			isa = PBXGroup;
			children = (
				6221CF1F1EFF183A002FF7A7 /* Flags */,
				6221CF1E1EFF183A002FF7A7 /* Products */,
			);
			sourceTree = "<group>";
		};
		6221CF1E1EFF183A002FF7A7 /* Products */ = {
			isa = PBXGroup;
			children = (
				6221CF1D1EFF183A002FF7A7 /* Flags.app */,
			);
			name = Products;
			sourceTree = "<group>";
		};
		6221CF1F1EFF183A002FF7A7 /* Flags */ = {
			isa = PBXGroup;
			children = (
				6221CF201EFF183A002FF7A7 /* AppDelegate.swift */,
				6221CF221EFF183A002FF7A7 /* ViewController.swift */,
				6221CF241EFF183A002FF7A7 /* Main.storyboard */,
				6221CF271EFF183A002FF7A7 /* Assets.xcassets */,
				6221CF291EFF183A002FF7A7 /* LaunchScreen.storyboard */,
				6221CF341EFF19E8002FF7A7 /* flags */,
				6221CF2C1EFF183A002FF7A7 /* Info.plist */,
				6221CF321EFF1920002FF7A7 /* DetailViewController.swift */,
			);
			path = Flags;
			sourceTree = "<group>";
		};
		6221CF341EFF19E8002FF7A7 /* flags */ = {
			isa = PBXGroup;
			children = (
				6221CF351EFF19E8002FF7A7 /* estonia.png */,
				6221CF361EFF19E8002FF7A7 /* france.png */,
				6221CF371EFF19E8002FF7A7 /* germany.png */,
				6221CF381EFF19E8002FF7A7 /* ireland.png */,
				6221CF391EFF19E8002FF7A7 /* italy.png */,
				6221CF3A1EFF19E8002FF7A7 /* monaco.png */,
				6221CF3B1EFF19E8002FF7A7 /* nigeria.png */,
				6221CF3C1EFF19E8002FF7A7 /* poland.png */,
				6221CF3D1EFF19E8002FF7A7 /* russia.png */,
				6221CF3E1EFF19E8002FF7A7 /* spain.png */,
				6221CF3F1EFF19E8002FF7A7 /* uk.png */,
				6221CF401EFF19E8002FF7A7 /* us.png */,
			);
			path = flags;
			sourceTree = "<group>";
		};
/* End PBXGroup section */

/* Begin PBXNativeTarget section */
		6221CF1C1EFF183A002FF7A7 /* Flags */ = {
			isa = PBXNativeTarget;
			buildConfigurationList = 6221CF2F1EFF183A002FF7A7 /* Build configuration list for PBXNativeTarget "Flags" */;
			buildPhases = (
				6221CF191EFF183A002FF7A7 /* Sources */,
				6221CF1A1EFF183A002FF7A7 /* Frameworks */,
				6221CF1B1EFF183A002FF7A7 /* Resources */,
			);
			buildRules = (
			);
			dependencies = (
			);
			name = Flags;
			productName = Flags;
			productReference = 6221CF1D1EFF183A002FF7A7 /* Flags.app */;
			productType = "com.apple.product-type.application";
		};
/* End PBXNativeTarget section */

/* Begin PBXProject section */
		6221CF151EFF183A002FF7A7 /* Project object */ = {
			isa = PBXProject;
			attributes = {
				LastSwiftUpdateCheck = 0830;
				LastUpgradeCheck = 0830;
				ORGANIZATIONNAME = "Steven Sherry";
				TargetAttributes = {
					6221CF1C1EFF183A002FF7A7 = {
						CreatedOnToolsVersion = 8.3.3;
						DevelopmentTeam = EWSMAH6SD7;
						ProvisioningStyle = Automatic;
					};
				};
			};
			buildConfigurationList = 6221CF181EFF183A002FF7A7 /* Build configuration list for PBXProject "Flags" */;
			compatibilityVersion = "Xcode 3.2";
			developmentRegion = English;
			hasScannedForEncodings = 0;
			knownRegions = (
				en,
				Base,
			);
			mainGroup = 6221CF141EFF183A002FF7A7;
			productRefGroup = 6221CF1E1EFF183A002FF7A7 /* Products */;
			projectDirPath = "";
			projectRoot = "";
			targets = (
				6221CF1C1EFF183A002FF7A7 /* Flags */,
			);
		};
/* End PBXProject section */

/* Begin PBXResourcesBuildPhase section */
		6221CF1B1EFF183A002FF7A7 /* Resources */ = {
			isa = PBXResourcesBuildPhase;
			buildActionMask = 2147483647;
			files = (
				6221CF4C1EFF19E8002FF7A7 /* us.png in Resources */,
				6221CF421EFF19E8002FF7A7 /* france.png in Resources */,
				6221CF4B1EFF19E8002FF7A7 /* uk.png in Resources */,
				6221CF2B1EFF183A002FF7A7 /* LaunchScreen.storyboard in Resources */,
				6221CF411EFF19E8002FF7A7 /* estonia.png in Resources */,
				6221CF441EFF19E8002FF7A7 /* ireland.png in Resources */,
				6221CF431EFF19E8002FF7A7 /* germany.png in Resources */,
				6221CF461EFF19E8002FF7A7 /* monaco.png in Resources */,
				6221CF481EFF19E8002FF7A7 /* poland.png in Resources */,
				6221CF281EFF183A002FF7A7 /* Assets.xcassets in Resources */,
				6221CF491EFF19E8002FF7A7 /* russia.png in Resources */,
				6221CF471EFF19E8002FF7A7 /* nigeria.png in Resources */,
				6221CF4A1EFF19E8002FF7A7 /* spain.png in Resources */,
				6221CF261EFF183A002FF7A7 /* Main.storyboard in Resources */,
				6221CF451EFF19E8002FF7A7 /* italy.png in Resources */,
			);
			runOnlyForDeploymentPostprocessing = 0;
		};
/* End PBXResourcesBuildPhase section */

/* Begin PBXSourcesBuildPhase section */
		6221CF191EFF183A002FF7A7 /* Sources */ = {
			isa = PBXSourcesBuildPhase;
			buildActionMask = 2147483647;
			files = (
				6221CF331EFF1920002FF7A7 /* DetailViewController.swift in Sources */,
				6221CF231EFF183A002FF7A7 /* ViewController.swift in Sources */,
				6221CF211EFF183A002FF7A7 /* AppDelegate.swift in Sources */,
			);
			runOnlyForDeploymentPostprocessing = 0;
		};
/* End PBXSourcesBuildPhase section */

/* Begin PBXVariantGroup section */
		6221CF241EFF183A002FF7A7 /* Main.storyboard */ = {
			isa = PBXVariantGroup;
			children = (
				6221CF251EFF183A002FF7A7 /* Base */,
			);
			name = Main.storyboard;
			sourceTree = "<group>";
		};
		6221CF291EFF183A002FF7A7 /* LaunchScreen.storyboard */ = {
			isa = PBXVariantGroup;
			children = (
				6221CF2A1EFF183A002FF7A7 /* Base */,
			);
			name = LaunchScreen.storyboard;
			sourceTree = "<group>";
		};
/* End PBXVariantGroup section */

/* Begin XCBuildConfiguration section */
		6221CF2D1EFF183A002FF7A7 /* Debug */ = {
			isa = XCBuildConfiguration;
			buildSettings = {
				ALWAYS_SEARCH_USER_PATHS = NO;
				CLANG_ANALYZER_NONNULL = YES;
				CLANG_ANALYZER_NUMBER_OBJECT_CONVERSION = YES_AGGRESSIVE;
				CLANG_CXX_LANGUAGE_STANDARD = "gnu++0x";
				CLANG_CXX_LIBRARY = "libc++";
				CLANG_ENABLE_MODULES = YES;
				CLANG_ENABLE_OBJC_ARC = YES;
				CLANG_WARN_BOOL_CONVERSION = YES;
				CLANG_WARN_CONSTANT_CONVERSION = YES;
				CLANG_WARN_DIRECT_OBJC_ISA_USAGE = YES_ERROR;
				CLANG_WARN_DOCUMENTATION_COMMENTS = YES;
				CLANG_WARN_EMPTY_BODY = YES;
				CLANG_WARN_ENUM_CONVERSION = YES;
				CLANG_WARN_INFINITE_RECURSION = YES;
				CLANG_WARN_INT_CONVERSION = YES;
				CLANG_WARN_OBJC_ROOT_CLASS = YES_ERROR;
				CLANG_WARN_SUSPICIOUS_MOVE = YES;
				CLANG_WARN_UNREACHABLE_CODE = YES;
				CLANG_WARN__DUPLICATE_METHOD_MATCH = YES;
				"CODE_SIGN_IDENTITY[sdk=iphoneos*]" = "iPhone Developer";
				COPY_PHASE_STRIP = NO;
				DEBUG_INFORMATION_FORMAT = dwarf;
				ENABLE_STRICT_OBJC_MSGSEND = YES;
				ENABLE_TESTABILITY = YES;
				GCC_C_LANGUAGE_STANDARD = gnu99;
				GCC_DYNAMIC_NO_PIC = NO;
				GCC_NO_COMMON_BLOCKS = YES;
				GCC_OPTIMIZATION_LEVEL = 0;
				GCC_PREPROCESSOR_DEFINITIONS = (
					"DEBUG=1",
					"$(inherited)",
				);
				GCC_WARN_64_TO_32_BIT_CONVERSION = YES;
				GCC_WARN_ABOUT_RETURN_TYPE = YES_ERROR;
				GCC_WARN_UNDECLARED_SELECTOR = YES;
				GCC_WARN_UNINITIALIZED_AUTOS = YES_AGGRESSIVE;
				GCC_WARN_UNUSED_FUNCTION = YES;
				GCC_WARN_UNUSED_VARIABLE = YES;
				IPHONEOS_DEPLOYMENT_TARGET = 10.3;
				MTL_ENABLE_DEBUG_INFO = YES;
				ONLY_ACTIVE_ARCH = YES;
				SDKROOT = iphoneos;
				SWIFT_ACTIVE_COMPILATION_CONDITIONS = DEBUG;
				SWIFT_OPTIMIZATION_LEVEL = "-Onone";
			};
			name = Debug;
		};
		6221CF2E1EFF183A002FF7A7 /* Release */ = {
			isa = XCBuildConfiguration;
			buildSettings = {
				ALWAYS_SEARCH_USER_PATHS = NO;
				CLANG_ANALYZER_NONNULL = YES;
				CLANG_ANALYZER_NUMBER_OBJECT_CONVERSION = YES_AGGRESSIVE;
				CLANG_CXX_LANGUAGE_STANDARD = "gnu++0x";
				CLANG_CXX_LIBRARY = "libc++";
				CLANG_ENABLE_MODULES = YES;
				CLANG_ENABLE_OBJC_ARC = YES;
				CLANG_WARN_BOOL_CONVERSION = YES;
				CLANG_WARN_CONSTANT_CONVERSION = YES;
				CLANG_WARN_DIRECT_OBJC_ISA_USAGE = YES_ERROR;
				CLANG_WARN_DOCUMENTATION_COMMENTS = YES;
				CLANG_WARN_EMPTY_BODY = YES;
				CLANG_WARN_ENUM_CONVERSION = YES;
				CLANG_WARN_INFINITE_RECURSION = YES;
				CLANG_WARN_INT_CONVERSION = YES;
				CLANG_WARN_OBJC_ROOT_CLASS = YES_ERROR;
				CLANG_WARN_SUSPICIOUS_MOVE = YES;
				CLANG_WARN_UNREACHABLE_CODE = YES;
				CLANG_WARN__DUPLICATE_METHOD_MATCH = YES;
				"CODE_SIGN_IDENTITY[sdk=iphoneos*]" = "iPhone Developer";
				COPY_PHASE_STRIP = NO;
				DEBUG_INFORMATION_FORMAT = "dwarf-with-dsym";
				ENABLE_NS_ASSERTIONS = NO;
				ENABLE_STRICT_OBJC_MSGSEND = YES;
				GCC_C_LANGUAGE_STANDARD = gnu99;
				GCC_NO_COMMON_BLOCKS = YES;
				GCC_WARN_64_TO_32_BIT_CONVERSION = YES;
				GCC_WARN_ABOUT_RETURN_TYPE = YES_ERROR;
				GCC_WARN_UNDECLARED_SELECTOR = YES;
				GCC_WARN_UNINITIALIZED_AUTOS = YES_AGGRESSIVE;
				GCC_WARN_UNUSED_FUNCTION = YES;
				GCC_WARN_UNUSED_VARIABLE = YES;
				IPHONEOS_DEPLOYMENT_TARGET = 10.3;
				MTL_ENABLE_DEBUG_INFO = NO;
				SDKROOT = iphoneos;
				SWIFT_OPTIMIZATION_LEVEL = "-Owholemodule";
				VALIDATE_PRODUCT = YES;
			};
			name = Release;
		};
		6221CF301EFF183A002FF7A7 /* Debug */ = {
			isa = XCBuildConfiguration;
			buildSettings = {
				ASSETCATALOG_COMPILER_APPICON_NAME = AppIcon;
				DEVELOPMENT_TEAM = EWSMAH6SD7;
				INFOPLIST_FILE = Flags/Info.plist;
				LD_RUNPATH_SEARCH_PATHS = "$(inherited) @executable_path/Frameworks";
				PRODUCT_BUNDLE_IDENTIFIER = com.affinityforapps.Flags;
				PRODUCT_NAME = "$(TARGET_NAME)";
				SWIFT_VERSION = 3.0;
			};
			name = Debug;
		};
		6221CF311EFF183A002FF7A7 /* Release */ = {
			isa = XCBuildConfiguration;
			buildSettings = {
				ASSETCATALOG_COMPILER_APPICON_NAME = AppIcon;
				DEVELOPMENT_TEAM = EWSMAH6SD7;
				INFOPLIST_FILE = Flags/Info.plist;
				LD_RUNPATH_SEARCH_PATHS = "$(inherited) @executable_path/Frameworks";
				PRODUCT_BUNDLE_IDENTIFIER = com.affinityforapps.Flags;
				PRODUCT_NAME = "$(TARGET_NAME)";
				SWIFT_VERSION = 3.0;
			};
			name = Release;
		};
/* End XCBuildConfiguration section */

/* Begin XCConfigurationList section */
		6221CF181EFF183A002FF7A7 /* Build configuration list for PBXProject "Flags" */ = {
			isa = XCConfigurationList;
			buildConfigurations = (
				6221CF2D1EFF183A002FF7A7 /* Debug */,
				6221CF2E1EFF183A002FF7A7 /* Release */,
			);
			defaultConfigurationIsVisible = 0;
			defaultConfigurationName = Release;
		};
		6221CF2F1EFF183A002FF7A7 /* Build configuration list for PBXNativeTarget "Flags" */ = {
			isa = XCConfigurationList;
			buildConfigurations = (
				6221CF301EFF183A002FF7A7 /* Debug */,
				6221CF311EFF183A002FF7A7 /* Release */,
			);
			defaultConfigurationIsVisible = 0;
		};
/* End XCConfigurationList section */
	};
	rootObject = 6221CF151EFF183A002FF7A7 /* Project object */;
}
