// !$*UTF8*$!
{
	archiveVersion = 1;
	classes = {
	};
	objectVersion = 46;
	objects = {

/* Begin PBXBuildFile section */
		624F94541F2301CA006B180E /* AppDelegate.swift in Sources */ = {isa = PBXBuildFile; fileRef = 624F94531F2301CA006B180E /* AppDelegate.swift */; };
		624F94561F2301CA006B180E /* GameScene.sks in Resources */ = {isa = PBXBuildFile; fileRef = 624F94551F2301CA006B180E /* GameScene.sks */; };
		624F945A1F2301CA006B180E /* GameScene.swift in Sources */ = {isa = PBXBuildFile; fileRef = 624F94591F2301CA006B180E /* GameScene.swift */; };
		624F945C1F2301CA006B180E /* GameViewController.swift in Sources */ = {isa = PBXBuildFile; fileRef = 624F945B1F2301CA006B180E /* GameViewController.swift */; };
		624F945F1F2301CA006B180E /* Main.storyboard in Resources */ = {isa = PBXBuildFile; fileRef = 624F945D1F2301CA006B180E /* Main.storyboard */; };
		624F94611F2301CA006B180E /* Assets.xcassets in Resources */ = {isa = PBXBuildFile; fileRef = 624F94601F2301CA006B180E /* Assets.xcassets */; };
		624F94641F2301CA006B180E /* LaunchScreen.storyboard in Resources */ = {isa = PBXBuildFile; fileRef = 624F94621F2301CA006B180E /* LaunchScreen.storyboard */; };
		624F94711F2302FA006B180E /* coin.wav in Resources */ = {isa = PBXBuildFile; fileRef = 624F946C1F2302FA006B180E /* coin.wav */; };
		624F94721F2302FA006B180E /* explosion.wav in Resources */ = {isa = PBXBuildFile; fileRef = 624F946D1F2302FA006B180E /* explosion.wav */; };
		624F94731F2302FA006B180E /* music.m4a in Resources */ = {isa = PBXBuildFile; fileRef = 624F946E1F2302FA006B180E /* music.m4a */; };
		624F94741F2302FA006B180E /* PlayerExplosion.sks in Resources */ = {isa = PBXBuildFile; fileRef = 624F946F1F2302FA006B180E /* PlayerExplosion.sks */; };
		624F94751F2302FA006B180E /* spark.png in Resources */ = {isa = PBXBuildFile; fileRef = 624F94701F2302FA006B180E /* spark.png */; };
/* End PBXBuildFile section */

/* Begin PBXFileReference section */
		624F94501F2301CA006B180E /* CrashyPlane.app */ = {isa = PBXFileReference; explicitFileType = wrapper.application; includeInIndex = 0; path = CrashyPlane.app; sourceTree = BUILT_PRODUCTS_DIR; };
		624F94531F2301CA006B180E /* AppDelegate.swift */ = {isa = PBXFileReference; lastKnownFileType = sourcecode.swift; path = AppDelegate.swift; sourceTree = "<group>"; };
		624F94551F2301CA006B180E /* GameScene.sks */ = {isa = PBXFileReference; lastKnownFileType = file.sks; path = GameScene.sks; sourceTree = "<group>"; };
		624F94591F2301CA006B180E /* GameScene.swift */ = {isa = PBXFileReference; lastKnownFileType = sourcecode.swift; path = GameScene.swift; sourceTree = "<group>"; };
		624F945B1F2301CA006B180E /* GameViewController.swift */ = {isa = PBXFileReference; lastKnownFileType = sourcecode.swift; path = GameViewController.swift; sourceTree = "<group>"; };
		624F945E1F2301CA006B180E /* Base */ = {isa = PBXFileReference; lastKnownFileType = file.storyboard; name = Base; path = Base.lproj/Main.storyboard; sourceTree = "<group>"; };
		624F94601F2301CA006B180E /* Assets.xcassets */ = {isa = PBXFileReference; lastKnownFileType = folder.assetcatalog; path = Assets.xcassets; sourceTree = "<group>"; };
		624F94631F2301CA006B180E /* Base */ = {isa = PBXFileReference; lastKnownFileType = file.storyboard; name = Base; path = Base.lproj/LaunchScreen.storyboard; sourceTree = "<group>"; };
		624F94651F2301CA006B180E /* Info.plist */ = {isa = PBXFileReference; lastKnownFileType = text.plist.xml; path = Info.plist; sourceTree = "<group>"; };
		624F946C1F2302FA006B180E /* coin.wav */ = {isa = PBXFileReference; lastKnownFileType = audio.wav; path = coin.wav; sourceTree = "<group>"; };
		624F946D1F2302FA006B180E /* explosion.wav */ = {isa = PBXFileReference; lastKnownFileType = audio.wav; path = explosion.wav; sourceTree = "<group>"; };
		624F946E1F2302FA006B180E /* music.m4a */ = {isa = PBXFileReference; lastKnownFileType = file; path = music.m4a; sourceTree = "<group>"; };
		624F946F1F2302FA006B180E /* PlayerExplosion.sks */ = {isa = PBXFileReference; lastKnownFileType = file.sks; path = PlayerExplosion.sks; sourceTree = "<group>"; };
		624F94701F2302FA006B180E /* spark.png */ = {isa = PBXFileReference; lastKnownFileType = image.png; path = spark.png; sourceTree = "<group>"; };
/* End PBXFileReference section */

/* Begin PBXFrameworksBuildPhase section */
		624F944D1F2301CA006B180E /* Frameworks */ = {
			isa = PBXFrameworksBuildPhase;
			buildActionMask = 2147483647;
			files = (
			);
			runOnlyForDeploymentPostprocessing = 0;
		};
/* End PBXFrameworksBuildPhase section */

/* Begin PBXGroup section */
		624F94471F2301CA006B180E = {
			isa = PBXGroup;
			children = (
				624F94521F2301CA006B180E /* CrashyPlane */,
				624F94511F2301CA006B180E /* Products */,
			);
			sourceTree = "<group>";
		};
		624F94511F2301CA006B180E /* Products */ = {
			isa = PBXGroup;
			children = (
				624F94501F2301CA006B180E /* CrashyPlane.app */,
			);
			name = Products;
			sourceTree = "<group>";
		};
		624F94521F2301CA006B180E /* CrashyPlane */ = {
			isa = PBXGroup;
			children = (
				624F946B1F2302DF006B180E /* Content */,
				624F94531F2301CA006B180E /* AppDelegate.swift */,
				624F94551F2301CA006B180E /* GameScene.sks */,
				624F94591F2301CA006B180E /* GameScene.swift */,
				624F945B1F2301CA006B180E /* GameViewController.swift */,
				624F945D1F2301CA006B180E /* Main.storyboard */,
				624F94601F2301CA006B180E /* Assets.xcassets */,
				624F94621F2301CA006B180E /* LaunchScreen.storyboard */,
				624F94651F2301CA006B180E /* Info.plist */,
			);
			path = CrashyPlane;
			sourceTree = "<group>";
		};
		624F946B1F2302DF006B180E /* Content */ = {
			isa = PBXGroup;
			children = (
				624F946C1F2302FA006B180E /* coin.wav */,
				624F946D1F2302FA006B180E /* explosion.wav */,
				624F946E1F2302FA006B180E /* music.m4a */,
				624F946F1F2302FA006B180E /* PlayerExplosion.sks */,
				624F94701F2302FA006B180E /* spark.png */,
			);
			name = Content;
			sourceTree = "<group>";
		};
/* End PBXGroup section */

/* Begin PBXNativeTarget section */
		624F944F1F2301CA006B180E /* CrashyPlane */ = {
			isa = PBXNativeTarget;
			buildConfigurationList = 624F94681F2301CA006B180E /* Build configuration list for PBXNativeTarget "CrashyPlane" */;
			buildPhases = (
				624F944C1F2301CA006B180E /* Sources */,
				624F944D1F2301CA006B180E /* Frameworks */,
				624F944E1F2301CA006B180E /* Resources */,
			);
			buildRules = (
			);
			dependencies = (
			);
			name = CrashyPlane;
			productName = CrashyPlane;
			productReference = 624F94501F2301CA006B180E /* CrashyPlane.app */;
			productType = "com.apple.product-type.application";
		};
/* End PBXNativeTarget section */

/* Begin PBXProject section */
		624F94481F2301CA006B180E /* Project object */ = {
			isa = PBXProject;
			attributes = {
				LastSwiftUpdateCheck = 0830;
				LastUpgradeCheck = 0830;
				ORGANIZATIONNAME = "Steven Sherry";
				TargetAttributes = {
					624F944F1F2301CA006B180E = {
						CreatedOnToolsVersion = 8.3.3;
						DevelopmentTeam = EWSMAH6SD7;
						ProvisioningStyle = Automatic;
					};
				};
			};
			buildConfigurationList = 624F944B1F2301CA006B180E /* Build configuration list for PBXProject "CrashyPlane" */;
			compatibilityVersion = "Xcode 3.2";
			developmentRegion = English;
			hasScannedForEncodings = 0;
			knownRegions = (
				en,
				Base,
			);
			mainGroup = 624F94471F2301CA006B180E;
			productRefGroup = 624F94511F2301CA006B180E /* Products */;
			projectDirPath = "";
			projectRoot = "";
			targets = (
				624F944F1F2301CA006B180E /* CrashyPlane */,
			);
		};
/* End PBXProject section */

/* Begin PBXResourcesBuildPhase section */
		624F944E1F2301CA006B180E /* Resources */ = {
			isa = PBXResourcesBuildPhase;
			buildActionMask = 2147483647;
			files = (
				624F94741F2302FA006B180E /* PlayerExplosion.sks in Resources */,
				624F94751F2302FA006B180E /* spark.png in Resources */,
				624F94721F2302FA006B180E /* explosion.wav in Resources */,
				624F94731F2302FA006B180E /* music.m4a in Resources */,
				624F94711F2302FA006B180E /* coin.wav in Resources */,
				624F945F1F2301CA006B180E /* Main.storyboard in Resources */,
				624F94561F2301CA006B180E /* GameScene.sks in Resources */,
				624F94611F2301CA006B180E /* Assets.xcassets in Resources */,
				624F94641F2301CA006B180E /* LaunchScreen.storyboard in Resources */,
			);
			runOnlyForDeploymentPostprocessing = 0;
		};
/* End PBXResourcesBuildPhase section */

/* Begin PBXSourcesBuildPhase section */
		624F944C1F2301CA006B180E /* Sources */ = {
			isa = PBXSourcesBuildPhase;
			buildActionMask = 2147483647;
			files = (
				624F945A1F2301CA006B180E /* GameScene.swift in Sources */,
				624F945C1F2301CA006B180E /* GameViewController.swift in Sources */,
				624F94541F2301CA006B180E /* AppDelegate.swift in Sources */,
			);
			runOnlyForDeploymentPostprocessing = 0;
		};
/* End PBXSourcesBuildPhase section */

/* Begin PBXVariantGroup section */
		624F945D1F2301CA006B180E /* Main.storyboard */ = {
			isa = PBXVariantGroup;
			children = (
				624F945E1F2301CA006B180E /* Base */,
			);
			name = Main.storyboard;
			sourceTree = "<group>";
		};
		624F94621F2301CA006B180E /* LaunchScreen.storyboard */ = {
			isa = PBXVariantGroup;
			children = (
				624F94631F2301CA006B180E /* Base */,
			);
			name = LaunchScreen.storyboard;
			sourceTree = "<group>";
		};
/* End PBXVariantGroup section */

/* Begin XCBuildConfiguration section */
		624F94661F2301CA006B180E /* Debug */ = {
			isa = XCBuildConfiguration;
			buildSettings = {
				ALWAYS_SEARCH_USER_PATHS = NO;
				CLANG_ANALYZER_NONNULL = YES;
				CLANG_ANALYZER_NUMBER_OBJECT_CONVERSION = YES_AGGRESSIVE;
				CLANG_CXX_LANGUAGE_STANDARD = "gnu++0x";
				CLANG_CXX_LIBRARY = "libc++";
				CLANG_ENABLE_MODULES = YES;
				CLANG_ENABLE_OBJC_ARC = YES;
				CLANG_WARN_BOOL_CONVERSION = YES;
				CLANG_WARN_CONSTANT_CONVERSION = YES;
				CLANG_WARN_DIRECT_OBJC_ISA_USAGE = YES_ERROR;
				CLANG_WARN_DOCUMENTATION_COMMENTS = YES;
				CLANG_WARN_EMPTY_BODY = YES;
				CLANG_WARN_ENUM_CONVERSION = YES;
				CLANG_WARN_INFINITE_RECURSION = YES;
				CLANG_WARN_INT_CONVERSION = YES;
				CLANG_WARN_OBJC_ROOT_CLASS = YES_ERROR;
				CLANG_WARN_SUSPICIOUS_MOVE = YES;
				CLANG_WARN_UNREACHABLE_CODE = YES;
				CLANG_WARN__DUPLICATE_METHOD_MATCH = YES;
				"CODE_SIGN_IDENTITY[sdk=iphoneos*]" = "iPhone Developer";
				COPY_PHASE_STRIP = NO;
				DEBUG_INFORMATION_FORMAT = dwarf;
				ENABLE_STRICT_OBJC_MSGSEND = YES;
				ENABLE_TESTABILITY = YES;
				GCC_C_LANGUAGE_STANDARD = gnu99;
				GCC_DYNAMIC_NO_PIC = NO;
				GCC_NO_COMMON_BLOCKS = YES;
				GCC_OPTIMIZATION_LEVEL = 0;
				GCC_PREPROCESSOR_DEFINITIONS = (
					"DEBUG=1",
					"$(inherited)",
				);
				GCC_WARN_64_TO_32_BIT_CONVERSION = YES;
				GCC_WARN_ABOUT_RETURN_TYPE = YES_ERROR;
				GCC_WARN_UNDECLARED_SELECTOR = YES;
				GCC_WARN_UNINITIALIZED_AUTOS = YES_AGGRESSIVE;
				GCC_WARN_UNUSED_FUNCTION = YES;
				GCC_WARN_UNUSED_VARIABLE = YES;
				IPHONEOS_DEPLOYMENT_TARGET = 10.3;
				MTL_ENABLE_DEBUG_INFO = YES;
				ONLY_ACTIVE_ARCH = YES;
				SDKROOT = iphoneos;
				SWIFT_ACTIVE_COMPILATION_CONDITIONS = DEBUG;
				SWIFT_OPTIMIZATION_LEVEL = "-Onone";
			};
			name = Debug;
		};
		624F94671F2301CA006B180E /* Release */ = {
			isa = XCBuildConfiguration;
			buildSettings = {
				ALWAYS_SEARCH_USER_PATHS = NO;
				CLANG_ANALYZER_NONNULL = YES;
				CLANG_ANALYZER_NUMBER_OBJECT_CONVERSION = YES_AGGRESSIVE;
				CLANG_CXX_LANGUAGE_STANDARD = "gnu++0x";
				CLANG_CXX_LIBRARY = "libc++";
				CLANG_ENABLE_MODULES = YES;
				CLANG_ENABLE_OBJC_ARC = YES;
				CLANG_WARN_BOOL_CONVERSION = YES;
				CLANG_WARN_CONSTANT_CONVERSION = YES;
				CLANG_WARN_DIRECT_OBJC_ISA_USAGE = YES_ERROR;
				CLANG_WARN_DOCUMENTATION_COMMENTS = YES;
				CLANG_WARN_EMPTY_BODY = YES;
				CLANG_WARN_ENUM_CONVERSION = YES;
				CLANG_WARN_INFINITE_RECURSION = YES;
				CLANG_WARN_INT_CONVERSION = YES;
				CLANG_WARN_OBJC_ROOT_CLASS = YES_ERROR;
				CLANG_WARN_SUSPICIOUS_MOVE = YES;
				CLANG_WARN_UNREACHABLE_CODE = YES;
				CLANG_WARN__DUPLICATE_METHOD_MATCH = YES;
				"CODE_SIGN_IDENTITY[sdk=iphoneos*]" = "iPhone Developer";
				COPY_PHASE_STRIP = NO;
				DEBUG_INFORMATION_FORMAT = "dwarf-with-dsym";
				ENABLE_NS_ASSERTIONS = NO;
				ENABLE_STRICT_OBJC_MSGSEND = YES;
				GCC_C_LANGUAGE_STANDARD = gnu99;
				GCC_NO_COMMON_BLOCKS = YES;
				GCC_WARN_64_TO_32_BIT_CONVERSION = YES;
				GCC_WARN_ABOUT_RETURN_TYPE = YES_ERROR;
				GCC_WARN_UNDECLARED_SELECTOR = YES;
				GCC_WARN_UNINITIALIZED_AUTOS = YES_AGGRESSIVE;
				GCC_WARN_UNUSED_FUNCTION = YES;
				GCC_WARN_UNUSED_VARIABLE = YES;
				IPHONEOS_DEPLOYMENT_TARGET = 10.3;
				MTL_ENABLE_DEBUG_INFO = NO;
				SDKROOT = iphoneos;
				SWIFT_OPTIMIZATION_LEVEL = "-Owholemodule";
				VALIDATE_PRODUCT = YES;
			};
			name = Release;
		};
		624F94691F2301CA006B180E /* Debug */ = {
			isa = XCBuildConfiguration;
			buildSettings = {
				ASSETCATALOG_COMPILER_APPICON_NAME = AppIcon;
				DEVELOPMENT_TEAM = EWSMAH6SD7;
				INFOPLIST_FILE = CrashyPlane/Info.plist;
				LD_RUNPATH_SEARCH_PATHS = "$(inherited) @executable_path/Frameworks";
				PRODUCT_BUNDLE_IDENTIFIER = com.affinityforapps.CrashyPlane;
				PRODUCT_NAME = "$(TARGET_NAME)";
				SWIFT_VERSION = 3.0;
			};
			name = Debug;
		};
		624F946A1F2301CA006B180E /* Release */ = {
			isa = XCBuildConfiguration;
			buildSettings = {
				ASSETCATALOG_COMPILER_APPICON_NAME = AppIcon;
				DEVELOPMENT_TEAM = EWSMAH6SD7;
				INFOPLIST_FILE = CrashyPlane/Info.plist;
				LD_RUNPATH_SEARCH_PATHS = "$(inherited) @executable_path/Frameworks";
				PRODUCT_BUNDLE_IDENTIFIER = com.affinityforapps.CrashyPlane;
				PRODUCT_NAME = "$(TARGET_NAME)";
				SWIFT_VERSION = 3.0;
			};
			name = Release;
		};
/* End XCBuildConfiguration section */

/* Begin XCConfigurationList section */
		624F944B1F2301CA006B180E /* Build configuration list for PBXProject "CrashyPlane" */ = {
			isa = XCConfigurationList;
			buildConfigurations = (
				624F94661F2301CA006B180E /* Debug */,
				624F94671F2301CA006B180E /* Release */,
			);
			defaultConfigurationIsVisible = 0;
			defaultConfigurationName = Release;
		};
		624F94681F2301CA006B180E /* Build configuration list for PBXNativeTarget "CrashyPlane" */ = {
			isa = XCConfigurationList;
			buildConfigurations = (
				624F94691F2301CA006B180E /* Debug */,
				624F946A1F2301CA006B180E /* Release */,
			);
			defaultConfigurationIsVisible = 0;
		};
/* End XCConfigurationList section */
	};
	rootObject = 624F94481F2301CA006B180E /* Project object */;
}
