// !$*UTF8*$!
{
	archiveVersion = 1;
	classes = {
	};
	objectVersion = 46;
	objects = {

/* Begin PBXBuildFile section */
		625A62B21F2046A800F71BB3 /* AppDelegate.swift in Sources */ = {isa = PBXBuildFile; fileRef = 625A62B11F2046A800F71BB3 /* AppDelegate.swift */; };
		625A62B41F2046A800F71BB3 /* ViewController.swift in Sources */ = {isa = PBXBuildFile; fileRef = 625A62B31F2046A800F71BB3 /* ViewController.swift */; };
		625A62B71F2046A800F71BB3 /* Main.storyboard in Resources */ = {isa = PBXBuildFile; fileRef = 625A62B51F2046A800F71BB3 /* Main.storyboard */; };
		625A62B91F2046A800F71BB3 /* Assets.xcassets in Resources */ = {isa = PBXBuildFile; fileRef = 625A62B81F2046A800F71BB3 /* Assets.xcassets */; };
		625A62BC1F2046A800F71BB3 /* LaunchScreen.storyboard in Resources */ = {isa = PBXBuildFile; fileRef = 625A62BA1F2046A800F71BB3 /* LaunchScreen.storyboard */; };
/* End PBXBuildFile section */

/* Begin PBXFileReference section */
		625A62AE1F2046A800F71BB3 /* SwiftSearcher.app */ = {isa = PBXFileReference; explicitFileType = wrapper.application; includeInIndex = 0; path = SwiftSearcher.app; sourceTree = BUILT_PRODUCTS_DIR; };
		625A62B11F2046A800F71BB3 /* AppDelegate.swift */ = {isa = PBXFileReference; lastKnownFileType = sourcecode.swift; path = AppDelegate.swift; sourceTree = "<group>"; };
		625A62B31F2046A800F71BB3 /* ViewController.swift */ = {isa = PBXFileReference; lastKnownFileType = sourcecode.swift; path = ViewController.swift; sourceTree = "<group>"; };
		625A62B61F2046A800F71BB3 /* Base */ = {isa = PBXFileReference; lastKnownFileType = file.storyboard; name = Base; path = Base.lproj/Main.storyboard; sourceTree = "<group>"; };
		625A62B81F2046A800F71BB3 /* Assets.xcassets */ = {isa = PBXFileReference; lastKnownFileType = folder.assetcatalog; path = Assets.xcassets; sourceTree = "<group>"; };
		625A62BB1F2046A800F71BB3 /* Base */ = {isa = PBXFileReference; lastKnownFileType = file.storyboard; name = Base; path = Base.lproj/LaunchScreen.storyboard; sourceTree = "<group>"; };
		625A62BD1F2046A800F71BB3 /* Info.plist */ = {isa = PBXFileReference; lastKnownFileType = text.plist.xml; path = Info.plist; sourceTree = "<group>"; };
/* End PBXFileReference section */

/* Begin PBXFrameworksBuildPhase section */
		625A62AB1F2046A800F71BB3 /* Frameworks */ = {
			isa = PBXFrameworksBuildPhase;
			buildActionMask = 2147483647;
			files = (
			);
			runOnlyForDeploymentPostprocessing = 0;
		};
/* End PBXFrameworksBuildPhase section */

/* Begin PBXGroup section */
		625A62A51F2046A800F71BB3 = {
			isa = PBXGroup;
			children = (
				625A62B01F2046A800F71BB3 /* SwiftSearcher */,
				625A62AF1F2046A800F71BB3 /* Products */,
			);
			sourceTree = "<group>";
		};
		625A62AF1F2046A800F71BB3 /* Products */ = {
			isa = PBXGroup;
			children = (
				625A62AE1F2046A800F71BB3 /* SwiftSearcher.app */,
			);
			name = Products;
			sourceTree = "<group>";
		};
		625A62B01F2046A800F71BB3 /* SwiftSearcher */ = {
			isa = PBXGroup;
			children = (
				625A62B11F2046A800F71BB3 /* AppDelegate.swift */,
				625A62B31F2046A800F71BB3 /* ViewController.swift */,
				625A62B51F2046A800F71BB3 /* Main.storyboard */,
				625A62B81F2046A800F71BB3 /* Assets.xcassets */,
				625A62BA1F2046A800F71BB3 /* LaunchScreen.storyboard */,
				625A62BD1F2046A800F71BB3 /* Info.plist */,
			);
			path = SwiftSearcher;
			sourceTree = "<group>";
		};
/* End PBXGroup section */

/* Begin PBXNativeTarget section */
		625A62AD1F2046A800F71BB3 /* SwiftSearcher */ = {
			isa = PBXNativeTarget;
			buildConfigurationList = 625A62C01F2046A800F71BB3 /* Build configuration list for PBXNativeTarget "SwiftSearcher" */;
			buildPhases = (
				625A62AA1F2046A800F71BB3 /* Sources */,
				625A62AB1F2046A800F71BB3 /* Frameworks */,
				625A62AC1F2046A800F71BB3 /* Resources */,
			);
			buildRules = (
			);
			dependencies = (
			);
			name = SwiftSearcher;
			productName = SwiftSearcher;
			productReference = 625A62AE1F2046A800F71BB3 /* SwiftSearcher.app */;
			productType = "com.apple.product-type.application";
		};
/* End PBXNativeTarget section */

/* Begin PBXProject section */
		625A62A61F2046A800F71BB3 /* Project object */ = {
			isa = PBXProject;
			attributes = {
				LastSwiftUpdateCheck = 0830;
				LastUpgradeCheck = 0830;
				ORGANIZATIONNAME = "Steven Sherry";
				TargetAttributes = {
					625A62AD1F2046A800F71BB3 = {
						CreatedOnToolsVersion = 8.3.3;
						DevelopmentTeam = EWSMAH6SD7;
						ProvisioningStyle = Automatic;
					};
				};
			};
			buildConfigurationList = 625A62A91F2046A800F71BB3 /* Build configuration list for PBXProject "SwiftSearcher" */;
			compatibilityVersion = "Xcode 3.2";
			developmentRegion = English;
			hasScannedForEncodings = 0;
			knownRegions = (
				en,
				Base,
			);
			mainGroup = 625A62A51F2046A800F71BB3;
			productRefGroup = 625A62AF1F2046A800F71BB3 /* Products */;
			projectDirPath = "";
			projectRoot = "";
			targets = (
				625A62AD1F2046A800F71BB3 /* SwiftSearcher */,
			);
		};
/* End PBXProject section */

/* Begin PBXResourcesBuildPhase section */
		625A62AC1F2046A800F71BB3 /* Resources */ = {
			isa = PBXResourcesBuildPhase;
			buildActionMask = 2147483647;
			files = (
				625A62BC1F2046A800F71BB3 /* LaunchScreen.storyboard in Resources */,
				625A62B91F2046A800F71BB3 /* Assets.xcassets in Resources */,
				625A62B71F2046A800F71BB3 /* Main.storyboard in Resources */,
			);
			runOnlyForDeploymentPostprocessing = 0;
		};
/* End PBXResourcesBuildPhase section */

/* Begin PBXSourcesBuildPhase section */
		625A62AA1F2046A800F71BB3 /* Sources */ = {
			isa = PBXSourcesBuildPhase;
			buildActionMask = 2147483647;
			files = (
				625A62B41F2046A800F71BB3 /* ViewController.swift in Sources */,
				625A62B21F2046A800F71BB3 /* AppDelegate.swift in Sources */,
			);
			runOnlyForDeploymentPostprocessing = 0;
		};
/* End PBXSourcesBuildPhase section */

/* Begin PBXVariantGroup section */
		625A62B51F2046A800F71BB3 /* Main.storyboard */ = {
			isa = PBXVariantGroup;
			children = (
				625A62B61F2046A800F71BB3 /* Base */,
			);
			name = Main.storyboard;
			sourceTree = "<group>";
		};
		625A62BA1F2046A800F71BB3 /* LaunchScreen.storyboard */ = {
			isa = PBXVariantGroup;
			children = (
				625A62BB1F2046A800F71BB3 /* Base */,
			);
			name = LaunchScreen.storyboard;
			sourceTree = "<group>";
		};
/* End PBXVariantGroup section */

/* Begin XCBuildConfiguration section */
		625A62BE1F2046A800F71BB3 /* Debug */ = {
			isa = XCBuildConfiguration;
			buildSettings = {
				ALWAYS_SEARCH_USER_PATHS = NO;
				CLANG_ANALYZER_NONNULL = YES;
				CLANG_ANALYZER_NUMBER_OBJECT_CONVERSION = YES_AGGRESSIVE;
				CLANG_CXX_LANGUAGE_STANDARD = "gnu++0x";
				CLANG_CXX_LIBRARY = "libc++";
				CLANG_ENABLE_MODULES = YES;
				CLANG_ENABLE_OBJC_ARC = YES;
				CLANG_WARN_BOOL_CONVERSION = YES;
				CLANG_WARN_CONSTANT_CONVERSION = YES;
				CLANG_WARN_DIRECT_OBJC_ISA_USAGE = YES_ERROR;
				CLANG_WARN_DOCUMENTATION_COMMENTS = YES;
				CLANG_WARN_EMPTY_BODY = YES;
				CLANG_WARN_ENUM_CONVERSION = YES;
				CLANG_WARN_INFINITE_RECURSION = YES;
				CLANG_WARN_INT_CONVERSION = YES;
				CLANG_WARN_OBJC_ROOT_CLASS = YES_ERROR;
				CLANG_WARN_SUSPICIOUS_MOVE = YES;
				CLANG_WARN_UNREACHABLE_CODE = YES;
				CLANG_WARN__DUPLICATE_METHOD_MATCH = YES;
				"CODE_SIGN_IDENTITY[sdk=iphoneos*]" = "iPhone Developer";
				COPY_PHASE_STRIP = NO;
				DEBUG_INFORMATION_FORMAT = dwarf;
				ENABLE_STRICT_OBJC_MSGSEND = YES;
				ENABLE_TESTABILITY = YES;
				GCC_C_LANGUAGE_STANDARD = gnu99;
				GCC_DYNAMIC_NO_PIC = NO;
				GCC_NO_COMMON_BLOCKS = YES;
				GCC_OPTIMIZATION_LEVEL = 0;
				GCC_PREPROCESSOR_DEFINITIONS = (
					"DEBUG=1",
					"$(inherited)",
				);
				GCC_WARN_64_TO_32_BIT_CONVERSION = YES;
				GCC_WARN_ABOUT_RETURN_TYPE = YES_ERROR;
				GCC_WARN_UNDECLARED_SELECTOR = YES;
				GCC_WARN_UNINITIALIZED_AUTOS = YES_AGGRESSIVE;
				GCC_WARN_UNUSED_FUNCTION = YES;
				GCC_WARN_UNUSED_VARIABLE = YES;
				IPHONEOS_DEPLOYMENT_TARGET = 10.3;
				MTL_ENABLE_DEBUG_INFO = YES;
				ONLY_ACTIVE_ARCH = YES;
				SDKROOT = iphoneos;
				SWIFT_ACTIVE_COMPILATION_CONDITIONS = DEBUG;
				SWIFT_OPTIMIZATION_LEVEL = "-Onone";
			};
			name = Debug;
		};
		625A62BF1F2046A800F71BB3 /* Release */ = {
			isa = XCBuildConfiguration;
			buildSettings = {
				ALWAYS_SEARCH_USER_PATHS = NO;
				CLANG_ANALYZER_NONNULL = YES;
				CLANG_ANALYZER_NUMBER_OBJECT_CONVERSION = YES_AGGRESSIVE;
				CLANG_CXX_LANGUAGE_STANDARD = "gnu++0x";
				CLANG_CXX_LIBRARY = "libc++";
				CLANG_ENABLE_MODULES = YES;
				CLANG_ENABLE_OBJC_ARC = YES;
				CLANG_WARN_BOOL_CONVERSION = YES;
				CLANG_WARN_CONSTANT_CONVERSION = YES;
				CLANG_WARN_DIRECT_OBJC_ISA_USAGE = YES_ERROR;
				CLANG_WARN_DOCUMENTATION_COMMENTS = YES;
				CLANG_WARN_EMPTY_BODY = YES;
				CLANG_WARN_ENUM_CONVERSION = YES;
				CLANG_WARN_INFINITE_RECURSION = YES;
				CLANG_WARN_INT_CONVERSION = YES;
				CLANG_WARN_OBJC_ROOT_CLASS = YES_ERROR;
				CLANG_WARN_SUSPICIOUS_MOVE = YES;
				CLANG_WARN_UNREACHABLE_CODE = YES;
				CLANG_WARN__DUPLICATE_METHOD_MATCH = YES;
				"CODE_SIGN_IDENTITY[sdk=iphoneos*]" = "iPhone Developer";
				COPY_PHASE_STRIP = NO;
				DEBUG_INFORMATION_FORMAT = "dwarf-with-dsym";
				ENABLE_NS_ASSERTIONS = NO;
				ENABLE_STRICT_OBJC_MSGSEND = YES;
				GCC_C_LANGUAGE_STANDARD = gnu99;
				GCC_NO_COMMON_BLOCKS = YES;
				GCC_WARN_64_TO_32_BIT_CONVERSION = YES;
				GCC_WARN_ABOUT_RETURN_TYPE = YES_ERROR;
				GCC_WARN_UNDECLARED_SELECTOR = YES;
				GCC_WARN_UNINITIALIZED_AUTOS = YES_AGGRESSIVE;
				GCC_WARN_UNUSED_FUNCTION = YES;
				GCC_WARN_UNUSED_VARIABLE = YES;
				IPHONEOS_DEPLOYMENT_TARGET = 10.3;
				MTL_ENABLE_DEBUG_INFO = NO;
				SDKROOT = iphoneos;
				SWIFT_OPTIMIZATION_LEVEL = "-Owholemodule";
				VALIDATE_PRODUCT = YES;
			};
			name = Release;
		};
		625A62C11F2046A800F71BB3 /* Debug */ = {
			isa = XCBuildConfiguration;
			buildSettings = {
				ASSETCATALOG_COMPILER_APPICON_NAME = AppIcon;
				DEVELOPMENT_TEAM = EWSMAH6SD7;
				INFOPLIST_FILE = SwiftSearcher/Info.plist;
				LD_RUNPATH_SEARCH_PATHS = "$(inherited) @executable_path/Frameworks";
				PRODUCT_BUNDLE_IDENTIFIER = com.affinityforapps.SwiftSearcher;
				PRODUCT_NAME = "$(TARGET_NAME)";
				SWIFT_VERSION = 3.0;
			};
			name = Debug;
		};
		625A62C21F2046A800F71BB3 /* Release */ = {
			isa = XCBuildConfiguration;
			buildSettings = {
				ASSETCATALOG_COMPILER_APPICON_NAME = AppIcon;
				DEVELOPMENT_TEAM = EWSMAH6SD7;
				INFOPLIST_FILE = SwiftSearcher/Info.plist;
				LD_RUNPATH_SEARCH_PATHS = "$(inherited) @executable_path/Frameworks";
				PRODUCT_BUNDLE_IDENTIFIER = com.affinityforapps.SwiftSearcher;
				PRODUCT_NAME = "$(TARGET_NAME)";
				SWIFT_VERSION = 3.0;
			};
			name = Release;
		};
/* End XCBuildConfiguration section */

/* Begin XCConfigurationList section */
		625A62A91F2046A800F71BB3 /* Build configuration list for PBXProject "SwiftSearcher" */ = {
			isa = XCConfigurationList;
			buildConfigurations = (
				625A62BE1F2046A800F71BB3 /* Debug */,
				625A62BF1F2046A800F71BB3 /* Release */,
			);
			defaultConfigurationIsVisible = 0;
			defaultConfigurationName = Release;
		};
		625A62C01F2046A800F71BB3 /* Build configuration list for PBXNativeTarget "SwiftSearcher" */ = {
			isa = XCConfigurationList;
			buildConfigurations = (
				625A62C11F2046A800F71BB3 /* Debug */,
				625A62C21F2046A800F71BB3 /* Release */,
			);
			defaultConfigurationIsVisible = 0;
		};
/* End XCConfigurationList section */
	};
	rootObject = 625A62A61F2046A800F71BB3 /* Project object */;
}
